{
  "name": "test_npm_package",
  "version": "1.0.0",
  "lockfileVersion": 3,
  "requires": true,
  "packages": {
    "": {
      "name": "test_npm_package",
      "version": "1.0.0",
      "license": "ISC",
      "dependencies": {
        "whisper-web-transcriber": "^0.1.7"
      }
    },
    "node_modules/whisper-web-transcriber": {
      "version": "0.1.7",
      "resolved": "https://artifactory.apps.ndia.gov.au:443/artifactory/api/npm/npm/whisper-web-transcriber/-/whisper-web-transcriber-0.1.7.tgz",
      "integrity": "sha512-+DVeZBD2hESjgg/zNdJySAvMuQ9BOvCtHBV9sGp/ov1N1IaY+q9j3aq9ZnzVzpVWrd+rgJUKafenWiki5TZsNQ==",
      "license": "MIT"
    }
  }
}
